
Microsoft Visual Studio Solution File, Format Version 12.00
# Visual Studio Version 17
VisualStudioVersion = 17.3.32825.248
MinimumVisualStudioVersion = 10.0.40219.1
Project("{FAE04EC0-301F-11D3-BF4B-00C04F79EFBC}") = "PointofSale_ITE_314", "PointofSale_ITE_314.csproj", "{BDA69B18-3ECF-4174-A86F-968E8571A7B2}"
EndProject
Global
	GlobalSection(SolutionConfigurationPlatforms) = preSolution
		Debug|Any CPU = Debug|Any CPU
		Release|Any CPU = Release|Any CPU
	EndGlobalSection
	GlobalSection(ProjectConfigurationPlatforms) = postSolution
		{BDA69B18-3ECF-4174-A86F-968E8571A7B2}.Debug|Any CPU.ActiveCfg = Debug|Any CPU
		{BDA69B18-3ECF-4174-A86F-968E8571A7B2}.Debug|Any CPU.Build.0 = Debug|Any CPU
		{BDA69B18-3ECF-4174-A86F-968E8571A7B2}.Release|Any CPU.ActiveCfg = Release|Any CPU
		{BDA69B18-3ECF-4174-A86F-968E8571A7B2}.Release|Any CPU.Build.0 = Release|Any CPU
	EndGlobalSection
	GlobalSection(SolutionProperties) = preSolution
		HideSolutionNode = FALSE
	EndGlobalSection
	GlobalSection(ExtensibilityGlobals) = postSolution
		SolutionGuid = {18716FD9-9973-47C3-BD77-E962C8103236}
	EndGlobalSection
EndGlobal
